{
  "version": 4,
  "terraform_version": "1.5.5",
  "serial": 5,
  "lineage": "25e1448a-a799-c3af-3652-699e8630bf24",
  "outputs": {},
  "resources": [
    {
      "mode": "managed",
      "type": "databricks_pipeline",
      "name": "unified_orders_dlt",
      "provider": "provider[\"registry.terraform.io/databricks/databricks\"]",
      "instances": [
        {
          "schema_version": 0,
          "attributes": {
            "allow_duplicate_names": false,
            "budget_policy_id": null,
            "catalog": "polywood-dev",
            "cause": null,
            "channel": "CURRENT",
            "cluster": [],
            "cluster_id": null,
            "configuration": null,
            "continuous": false,
            "creator_user_name": "gaurav.m.sahu@v4c.ai",
            "deployment": [
              {
                "kind": "BUNDLE",
                "metadata_file_path": "/Workspace/Repos/gaurav.m.sahu@v4c.ai/dab-tests/prod/state/metadata.json"
              }
            ],
            "development": false,
            "edition": "ADVANCED",
            "environment": [],
            "event_log": [],
            "expected_last_modified": 0,
            "filters": [],
            "gateway_definition": [],
            "health": null,
            "id": "53034e0d-a689-441b-b747-08d901abf7b6",
            "ingestion_definition": [],
            "last_modified": 1764140647812,
            "latest_updates": null,
            "library": [
              {
                "file": [
                  {
                    "path": "/Workspace/Repos/gaurav.m.sahu@v4c.ai/dab-tests/prod/files/unified_orders/transformations/SourceTables.py"
                  }
                ],
                "glob": [],
                "jar": "",
                "maven": [],
                "notebook": [],
                "whl": ""
              },
              {
                "file": [
                  {
                    "path": "/Workspace/Repos/gaurav.m.sahu@v4c.ai/dab-tests/prod/files/unified_orders/transformations/ST_Union.py"
                  }
                ],
                "glob": [],
                "jar": "",
                "maven": [],
                "notebook": [],
                "whl": ""
              },
              {
                "file": [
                  {
                    "path": "/Workspace/Repos/gaurav.m.sahu@v4c.ai/dab-tests/prod/files/unified_orders/transformations/OrdersStaging.py"
                  }
                ],
                "glob": [],
                "jar": "",
                "maven": [],
                "notebook": [],
                "whl": ""
              },
              {
                "file": [
                  {
                    "path": "/Workspace/Repos/gaurav.m.sahu@v4c.ai/dab-tests/prod/files/unified_orders/transformations/OrdersTable.py"
                  }
                ],
                "glob": [],
                "jar": "",
                "maven": [],
                "notebook": [],
                "whl": ""
              }
            ],
            "name": "unified_orders_dlt",
            "notification": [],
            "photon": false,
            "restart_window": [],
            "root_path": null,
            "run_as": [],
            "run_as_user_name": "gaurav.m.sahu@v4c.ai",
            "schema": "customer_silver",
            "serverless": false,
            "state": "IDLE",
            "storage": null,
            "tags": null,
            "target": null,
            "timeouts": null,
            "trigger": [],
            "url": "https://dbc-35c33f29-1666.cloud.databricks.com/#joblist/pipelines/53034e0d-a689-441b-b747-08d901abf7b6",
            "usage_policy_id": null
          },
          "sensitive_attributes": [],
          "private": "eyJlMmJmYjczMC1lY2FhLTExZTYtOGY4OC0zNDM2M2JjN2M0YzAiOnsiY3JlYXRlIjoxMjAwMDAwMDAwMDAwLCJkZWZhdWx0IjoxMjAwMDAwMDAwMDAwLCJkZWxldGUiOjEyMDAwMDAwMDAwMDAsInJlYWQiOjEyMDAwMDAwMDAwMDAsInVwZGF0ZSI6MTIwMDAwMDAwMDAwMH19"
        }
      ]
    }
  ],
  "check_results": null
}
